
Microsoft Visual Studio Solution File, Format Version 12.00
# Visual Studio 15
VisualStudioVersion = 15.0.27004.2005
MinimumVisualStudioVersion = 10.0.40219.1
Project("{FAE04EC0-301F-11D3-BF4B-00C04F79EFBC}") = "Gateway", "Gateway\Gateway.csproj", "{7F82F2CC-7F58-44F3-B1D2-0AEBD63CC69D}"
EndProject
Global
	GlobalSection(SolutionConfigurationPlatforms) = preSolution
		Debug|Any CPU = Debug|Any CPU
		Release|Any CPU = Release|Any CPU
	EndGlobalSection
	GlobalSection(ProjectConfigurationPlatforms) = postSolution
		{7F82F2CC-7F58-44F3-B1D2-0AEBD63CC69D}.Debug|Any CPU.ActiveCfg = Debug|Any CPU
		{7F82F2CC-7F58-44F3-B1D2-0AEBD63CC69D}.Debug|Any CPU.Build.0 = Debug|Any CPU
		{7F82F2CC-7F58-44F3-B1D2-0AEBD63CC69D}.Release|Any CPU.ActiveCfg = Release|Any CPU
		{7F82F2CC-7F58-44F3-B1D2-0AEBD63CC69D}.Release|Any CPU.Build.0 = Release|Any CPU
	EndGlobalSection
	GlobalSection(SolutionProperties) = preSolution
		HideSolutionNode = FALSE
	EndGlobalSection
	GlobalSection(ExtensibilityGlobals) = postSolution
		SolutionGuid = {DB689540-1BD5-428D-B956-60A9FBDE011F}
	EndGlobalSection
EndGlobal
